// !$*UTF8*$!
{
	archiveVersion = 1;
	classes = {
	};
	objectVersion = 55;
	objects = {

/* Begin PBXBuildFile section */
		4BFFE38728A62CF700C23D90 /* AppDelegate.swift in Sources */ = {isa = PBXBuildFile; fileRef = 4BFFE38628A62CF700C23D90 /* AppDelegate.swift */; };
		4BFFE39028A62CF800C23D90 /* Assets.xcassets in Resources */ = {isa = PBXBuildFile; fileRef = 4BFFE38F28A62CF800C23D90 /* Assets.xcassets */; };
		4BFFE39328A62CF800C23D90 /* LaunchScreen.storyboard in Resources */ = {isa = PBXBuildFile; fileRef = 4BFFE39128A62CF800C23D90 /* LaunchScreen.storyboard */; };
		4BFFE39D28A62EF200C23D90 /* ListNewsViewController.swift in Sources */ = {isa = PBXBuildFile; fileRef = 4BFFE39B28A62EF200C23D90 /* ListNewsViewController.swift */; };
		4BFFE39E28A62EF200C23D90 /* ListNewsViewController.xib in Resources */ = {isa = PBXBuildFile; fileRef = 4BFFE39C28A62EF200C23D90 /* ListNewsViewController.xib */; };
		4BFFE3A228A6316000C23D90 /* ListNewsNavigator.swift in Sources */ = {isa = PBXBuildFile; fileRef = 4BFFE3A128A6316000C23D90 /* ListNewsNavigator.swift */; };
		4BFFE3A428A6316900C23D90 /* ListNewsViewModel.swift in Sources */ = {isa = PBXBuildFile; fileRef = 4BFFE3A328A6316900C23D90 /* ListNewsViewModel.swift */; };
		4BFFE3A828A6318900C23D90 /* NewsDetailViewController.swift in Sources */ = {isa = PBXBuildFile; fileRef = 4BFFE3A628A6318900C23D90 /* NewsDetailViewController.swift */; };
		4BFFE3A928A6318900C23D90 /* NewsDetailViewController.xib in Resources */ = {isa = PBXBuildFile; fileRef = 4BFFE3A728A6318900C23D90 /* NewsDetailViewController.xib */; };
		4BFFE3AB28A6326600C23D90 /* NewsDetailNavigator.swift in Sources */ = {isa = PBXBuildFile; fileRef = 4BFFE3AA28A6326600C23D90 /* NewsDetailNavigator.swift */; };
		4BFFE3AD28A6327500C23D90 /* NewsDetailViewModel.swift in Sources */ = {isa = PBXBuildFile; fileRef = 4BFFE3AC28A6327500C23D90 /* NewsDetailViewModel.swift */; };
		4BFFE3B728A6337200C23D90 /* Observable+Extension.swift in Sources */ = {isa = PBXBuildFile; fileRef = 4BFFE3B628A6337200C23D90 /* Observable+Extension.swift */; };
		4BFFE3BA28A6345D00C23D90 /* RxCocoa in Frameworks */ = {isa = PBXBuildFile; productRef = 4BFFE3B928A6345D00C23D90 /* RxCocoa */; };
		4BFFE3BC28A6345D00C23D90 /* RxSwift in Frameworks */ = {isa = PBXBuildFile; productRef = 4BFFE3BB28A6345D00C23D90 /* RxSwift */; };
/* End PBXBuildFile section */

/* Begin PBXFileReference section */
		4BFFE38328A62CF700C23D90 /* SCG-phlong.app */ = {isa = PBXFileReference; explicitFileType = wrapper.application; includeInIndex = 0; path = "SCG-phlong.app"; sourceTree = BUILT_PRODUCTS_DIR; };
		4BFFE38628A62CF700C23D90 /* AppDelegate.swift */ = {isa = PBXFileReference; lastKnownFileType = sourcecode.swift; path = AppDelegate.swift; sourceTree = "<group>"; };
		4BFFE38F28A62CF800C23D90 /* Assets.xcassets */ = {isa = PBXFileReference; lastKnownFileType = folder.assetcatalog; path = Assets.xcassets; sourceTree = "<group>"; };
		4BFFE39228A62CF800C23D90 /* Base */ = {isa = PBXFileReference; lastKnownFileType = file.storyboard; name = Base; path = Base.lproj/LaunchScreen.storyboard; sourceTree = "<group>"; };
		4BFFE39428A62CF800C23D90 /* Info.plist */ = {isa = PBXFileReference; lastKnownFileType = text.plist.xml; path = Info.plist; sourceTree = "<group>"; };
		4BFFE39B28A62EF200C23D90 /* ListNewsViewController.swift */ = {isa = PBXFileReference; lastKnownFileType = sourcecode.swift; path = ListNewsViewController.swift; sourceTree = "<group>"; };
		4BFFE39C28A62EF200C23D90 /* ListNewsViewController.xib */ = {isa = PBXFileReference; lastKnownFileType = file.xib; path = ListNewsViewController.xib; sourceTree = "<group>"; };
		4BFFE3A128A6316000C23D90 /* ListNewsNavigator.swift */ = {isa = PBXFileReference; lastKnownFileType = sourcecode.swift; path = ListNewsNavigator.swift; sourceTree = "<group>"; };
		4BFFE3A328A6316900C23D90 /* ListNewsViewModel.swift */ = {isa = PBXFileReference; lastKnownFileType = sourcecode.swift; path = ListNewsViewModel.swift; sourceTree = "<group>"; };
		4BFFE3A628A6318900C23D90 /* NewsDetailViewController.swift */ = {isa = PBXFileReference; lastKnownFileType = sourcecode.swift; path = NewsDetailViewController.swift; sourceTree = "<group>"; };
		4BFFE3A728A6318900C23D90 /* NewsDetailViewController.xib */ = {isa = PBXFileReference; lastKnownFileType = file.xib; path = NewsDetailViewController.xib; sourceTree = "<group>"; };
		4BFFE3AA28A6326600C23D90 /* NewsDetailNavigator.swift */ = {isa = PBXFileReference; lastKnownFileType = sourcecode.swift; path = NewsDetailNavigator.swift; sourceTree = "<group>"; };
		4BFFE3AC28A6327500C23D90 /* NewsDetailViewModel.swift */ = {isa = PBXFileReference; lastKnownFileType = sourcecode.swift; path = NewsDetailViewModel.swift; sourceTree = "<group>"; };
		4BFFE3B628A6337200C23D90 /* Observable+Extension.swift */ = {isa = PBXFileReference; lastKnownFileType = sourcecode.swift; path = "Observable+Extension.swift"; sourceTree = "<group>"; };
/* End PBXFileReference section */

/* Begin PBXFrameworksBuildPhase section */
		4BFFE38028A62CF700C23D90 /* Frameworks */ = {
			isa = PBXFrameworksBuildPhase;
			buildActionMask = 2147483647;
			files = (
				4BFFE3BC28A6345D00C23D90 /* RxSwift in Frameworks */,
				4BFFE3BA28A6345D00C23D90 /* RxCocoa in Frameworks */,
			);
			runOnlyForDeploymentPostprocessing = 0;
		};
/* End PBXFrameworksBuildPhase section */

/* Begin PBXGroup section */
		4BFFE37A28A62CF700C23D90 = {
			isa = PBXGroup;
			children = (
				4BFFE38528A62CF700C23D90 /* SCG-phlong */,
				4BFFE38428A62CF700C23D90 /* Products */,
			);
			sourceTree = "<group>";
		};
		4BFFE38428A62CF700C23D90 /* Products */ = {
			isa = PBXGroup;
			children = (
				4BFFE38328A62CF700C23D90 /* SCG-phlong.app */,
			);
			name = Products;
			sourceTree = "<group>";
		};
		4BFFE38528A62CF700C23D90 /* SCG-phlong */ = {
			isa = PBXGroup;
			children = (
				4BFFE3AE28A6327A00C23D90 /* Extension */,
				4BFFE3A528A6316F00C23D90 /* NewsDetail */,
				4BFFE39A28A62D5000C23D90 /* ListNews */,
				4BFFE38628A62CF700C23D90 /* AppDelegate.swift */,
				4BFFE38F28A62CF800C23D90 /* Assets.xcassets */,
				4BFFE39128A62CF800C23D90 /* LaunchScreen.storyboard */,
				4BFFE39428A62CF800C23D90 /* Info.plist */,
			);
			path = "SCG-phlong";
			sourceTree = "<group>";
		};
		4BFFE39A28A62D5000C23D90 /* ListNews */ = {
			isa = PBXGroup;
			children = (
				4BFFE39B28A62EF200C23D90 /* ListNewsViewController.swift */,
				4BFFE39C28A62EF200C23D90 /* ListNewsViewController.xib */,
				4BFFE3A128A6316000C23D90 /* ListNewsNavigator.swift */,
				4BFFE3A328A6316900C23D90 /* ListNewsViewModel.swift */,
			);
			path = ListNews;
			sourceTree = "<group>";
		};
		4BFFE3A528A6316F00C23D90 /* NewsDetail */ = {
			isa = PBXGroup;
			children = (
				4BFFE3A628A6318900C23D90 /* NewsDetailViewController.swift */,
				4BFFE3A728A6318900C23D90 /* NewsDetailViewController.xib */,
				4BFFE3AA28A6326600C23D90 /* NewsDetailNavigator.swift */,
				4BFFE3AC28A6327500C23D90 /* NewsDetailViewModel.swift */,
			);
			path = NewsDetail;
			sourceTree = "<group>";
		};
		4BFFE3AE28A6327A00C23D90 /* Extension */ = {
			isa = PBXGroup;
			children = (
				4BFFE3B628A6337200C23D90 /* Observable+Extension.swift */,
			);
			path = Extension;
			sourceTree = "<group>";
		};
/* End PBXGroup section */

/* Begin PBXNativeTarget section */
		4BFFE38228A62CF700C23D90 /* SCG-phlong */ = {
			isa = PBXNativeTarget;
			buildConfigurationList = 4BFFE39728A62CF800C23D90 /* Build configuration list for PBXNativeTarget "SCG-phlong" */;
			buildPhases = (
				4BFFE37F28A62CF700C23D90 /* Sources */,
				4BFFE38028A62CF700C23D90 /* Frameworks */,
				4BFFE38128A62CF700C23D90 /* Resources */,
			);
			buildRules = (
			);
			dependencies = (
			);
			name = "SCG-phlong";
			packageProductDependencies = (
				4BFFE3B928A6345D00C23D90 /* RxCocoa */,
				4BFFE3BB28A6345D00C23D90 /* RxSwift */,
			);
			productName = "SCG-phlong";
			productReference = 4BFFE38328A62CF700C23D90 /* SCG-phlong.app */;
			productType = "com.apple.product-type.application";
		};
/* End PBXNativeTarget section */

/* Begin PBXProject section */
		4BFFE37B28A62CF700C23D90 /* Project object */ = {
			isa = PBXProject;
			attributes = {
				BuildIndependentTargetsInParallel = 1;
				LastSwiftUpdateCheck = 1330;
				LastUpgradeCheck = 1330;
				TargetAttributes = {
					4BFFE38228A62CF700C23D90 = {
						CreatedOnToolsVersion = 13.3.1;
					};
				};
			};
			buildConfigurationList = 4BFFE37E28A62CF700C23D90 /* Build configuration list for PBXProject "SCG-phlong" */;
			compatibilityVersion = "Xcode 13.0";
			developmentRegion = en;
			hasScannedForEncodings = 0;
			knownRegions = (
				en,
				Base,
			);
			mainGroup = 4BFFE37A28A62CF700C23D90;
			packageReferences = (
				4BFFE3B828A6345D00C23D90 /* XCRemoteSwiftPackageReference "RxSwift" */,
			);
			productRefGroup = 4BFFE38428A62CF700C23D90 /* Products */;
			projectDirPath = "";
			projectRoot = "";
			targets = (
				4BFFE38228A62CF700C23D90 /* SCG-phlong */,
			);
		};
/* End PBXProject section */

/* Begin PBXResourcesBuildPhase section */
		4BFFE38128A62CF700C23D90 /* Resources */ = {
			isa = PBXResourcesBuildPhase;
			buildActionMask = 2147483647;
			files = (
				4BFFE3A928A6318900C23D90 /* NewsDetailViewController.xib in Resources */,
				4BFFE39E28A62EF200C23D90 /* ListNewsViewController.xib in Resources */,
				4BFFE39328A62CF800C23D90 /* LaunchScreen.storyboard in Resources */,
				4BFFE39028A62CF800C23D90 /* Assets.xcassets in Resources */,
			);
			runOnlyForDeploymentPostprocessing = 0;
		};
/* End PBXResourcesBuildPhase section */

/* Begin PBXSourcesBuildPhase section */
		4BFFE37F28A62CF700C23D90 /* Sources */ = {
			isa = PBXSourcesBuildPhase;
			buildActionMask = 2147483647;
			files = (
				4BFFE3AD28A6327500C23D90 /* NewsDetailViewModel.swift in Sources */,
				4BFFE3A228A6316000C23D90 /* ListNewsNavigator.swift in Sources */,
				4BFFE3B728A6337200C23D90 /* Observable+Extension.swift in Sources */,
				4BFFE3AB28A6326600C23D90 /* NewsDetailNavigator.swift in Sources */,
				4BFFE38728A62CF700C23D90 /* AppDelegate.swift in Sources */,
				4BFFE39D28A62EF200C23D90 /* ListNewsViewController.swift in Sources */,
				4BFFE3A428A6316900C23D90 /* ListNewsViewModel.swift in Sources */,
				4BFFE3A828A6318900C23D90 /* NewsDetailViewController.swift in Sources */,
			);
			runOnlyForDeploymentPostprocessing = 0;
		};
/* End PBXSourcesBuildPhase section */

/* Begin PBXVariantGroup section */
		4BFFE39128A62CF800C23D90 /* LaunchScreen.storyboard */ = {
			isa = PBXVariantGroup;
			children = (
				4BFFE39228A62CF800C23D90 /* Base */,
			);
			name = LaunchScreen.storyboard;
			sourceTree = "<group>";
		};
/* End PBXVariantGroup section */

/* Begin XCBuildConfiguration section */
		4BFFE39528A62CF800C23D90 /* Debug */ = {
			isa = XCBuildConfiguration;
			buildSettings = {
				ALWAYS_SEARCH_USER_PATHS = NO;
				CLANG_ANALYZER_NONNULL = YES;
				CLANG_ANALYZER_NUMBER_OBJECT_CONVERSION = YES_AGGRESSIVE;
				CLANG_CXX_LANGUAGE_STANDARD = "gnu++17";
				CLANG_ENABLE_MODULES = YES;
				CLANG_ENABLE_OBJC_ARC = YES;
				CLANG_ENABLE_OBJC_WEAK = YES;
				CLANG_WARN_BLOCK_CAPTURE_AUTORELEASING = YES;
				CLANG_WARN_BOOL_CONVERSION = YES;
				CLANG_WARN_COMMA = YES;
				CLANG_WARN_CONSTANT_CONVERSION = YES;
				CLANG_WARN_DEPRECATED_OBJC_IMPLEMENTATIONS = YES;
				CLANG_WARN_DIRECT_OBJC_ISA_USAGE = YES_ERROR;
				CLANG_WARN_DOCUMENTATION_COMMENTS = YES;
				CLANG_WARN_EMPTY_BODY = YES;
				CLANG_WARN_ENUM_CONVERSION = YES;
				CLANG_WARN_INFINITE_RECURSION = YES;
				CLANG_WARN_INT_CONVERSION = YES;
				CLANG_WARN_NON_LITERAL_NULL_CONVERSION = YES;
				CLANG_WARN_OBJC_IMPLICIT_RETAIN_SELF = YES;
				CLANG_WARN_OBJC_LITERAL_CONVERSION = YES;
				CLANG_WARN_OBJC_ROOT_CLASS = YES_ERROR;
				CLANG_WARN_QUOTED_INCLUDE_IN_FRAMEWORK_HEADER = YES;
				CLANG_WARN_RANGE_LOOP_ANALYSIS = YES;
				CLANG_WARN_STRICT_PROTOTYPES = YES;
				CLANG_WARN_SUSPICIOUS_MOVE = YES;
				CLANG_WARN_UNGUARDED_AVAILABILITY = YES_AGGRESSIVE;
				CLANG_WARN_UNREACHABLE_CODE = YES;
				CLANG_WARN__DUPLICATE_METHOD_MATCH = YES;
				COPY_PHASE_STRIP = NO;
				DEBUG_INFORMATION_FORMAT = dwarf;
				ENABLE_STRICT_OBJC_MSGSEND = YES;
				ENABLE_TESTABILITY = YES;
				GCC_C_LANGUAGE_STANDARD = gnu11;
				GCC_DYNAMIC_NO_PIC = NO;
				GCC_NO_COMMON_BLOCKS = YES;
				GCC_OPTIMIZATION_LEVEL = 0;
				GCC_PREPROCESSOR_DEFINITIONS = (
					"DEBUG=1",
					"$(inherited)",
				);
				GCC_WARN_64_TO_32_BIT_CONVERSION = YES;
				GCC_WARN_ABOUT_RETURN_TYPE = YES_ERROR;
				GCC_WARN_UNDECLARED_SELECTOR = YES;
				GCC_WARN_UNINITIALIZED_AUTOS = YES_AGGRESSIVE;
				GCC_WARN_UNUSED_FUNCTION = YES;
				GCC_WARN_UNUSED_VARIABLE = YES;
				IPHONEOS_DEPLOYMENT_TARGET = 15.4;
				MTL_ENABLE_DEBUG_INFO = INCLUDE_SOURCE;
				MTL_FAST_MATH = YES;
				ONLY_ACTIVE_ARCH = YES;
				SDKROOT = iphoneos;
				SWIFT_ACTIVE_COMPILATION_CONDITIONS = DEBUG;
				SWIFT_OPTIMIZATION_LEVEL = "-Onone";
			};
			name = Debug;
		};
		4BFFE39628A62CF800C23D90 /* Release */ = {
			isa = XCBuildConfiguration;
			buildSettings = {
				ALWAYS_SEARCH_USER_PATHS = NO;
				CLANG_ANALYZER_NONNULL = YES;
				CLANG_ANALYZER_NUMBER_OBJECT_CONVERSION = YES_AGGRESSIVE;
				CLANG_CXX_LANGUAGE_STANDARD = "gnu++17";
				CLANG_ENABLE_MODULES = YES;
				CLANG_ENABLE_OBJC_ARC = YES;
				CLANG_ENABLE_OBJC_WEAK = YES;
				CLANG_WARN_BLOCK_CAPTURE_AUTORELEASING = YES;
				CLANG_WARN_BOOL_CONVERSION = YES;
				CLANG_WARN_COMMA = YES;
				CLANG_WARN_CONSTANT_CONVERSION = YES;
				CLANG_WARN_DEPRECATED_OBJC_IMPLEMENTATIONS = YES;
				CLANG_WARN_DIRECT_OBJC_ISA_USAGE = YES_ERROR;
				CLANG_WARN_DOCUMENTATION_COMMENTS = YES;
				CLANG_WARN_EMPTY_BODY = YES;
				CLANG_WARN_ENUM_CONVERSION = YES;
				CLANG_WARN_INFINITE_RECURSION = YES;
				CLANG_WARN_INT_CONVERSION = YES;
				CLANG_WARN_NON_LITERAL_NULL_CONVERSION = YES;
				CLANG_WARN_OBJC_IMPLICIT_RETAIN_SELF = YES;
				CLANG_WARN_OBJC_LITERAL_CONVERSION = YES;
				CLANG_WARN_OBJC_ROOT_CLASS = YES_ERROR;
				CLANG_WARN_QUOTED_INCLUDE_IN_FRAMEWORK_HEADER = YES;
				CLANG_WARN_RANGE_LOOP_ANALYSIS = YES;
				CLANG_WARN_STRICT_PROTOTYPES = YES;
				CLANG_WARN_SUSPICIOUS_MOVE = YES;
				CLANG_WARN_UNGUARDED_AVAILABILITY = YES_AGGRESSIVE;
				CLANG_WARN_UNREACHABLE_CODE = YES;
				CLANG_WARN__DUPLICATE_METHOD_MATCH = YES;
				COPY_PHASE_STRIP = NO;
				DEBUG_INFORMATION_FORMAT = "dwarf-with-dsym";
				ENABLE_NS_ASSERTIONS = NO;
				ENABLE_STRICT_OBJC_MSGSEND = YES;
				GCC_C_LANGUAGE_STANDARD = gnu11;
				GCC_NO_COMMON_BLOCKS = YES;
				GCC_WARN_64_TO_32_BIT_CONVERSION = YES;
				GCC_WARN_ABOUT_RETURN_TYPE = YES_ERROR;
				GCC_WARN_UNDECLARED_SELECTOR = YES;
				GCC_WARN_UNINITIALIZED_AUTOS = YES_AGGRESSIVE;
				GCC_WARN_UNUSED_FUNCTION = YES;
				GCC_WARN_UNUSED_VARIABLE = YES;
				IPHONEOS_DEPLOYMENT_TARGET = 15.4;
				MTL_ENABLE_DEBUG_INFO = NO;
				MTL_FAST_MATH = YES;
				SDKROOT = iphoneos;
				SWIFT_COMPILATION_MODE = wholemodule;
				SWIFT_OPTIMIZATION_LEVEL = "-O";
				VALIDATE_PRODUCT = YES;
			};
			name = Release;
		};
		4BFFE39828A62CF800C23D90 /* Debug */ = {
			isa = XCBuildConfiguration;
			buildSettings = {
				ASSETCATALOG_COMPILER_APPICON_NAME = AppIcon;
				ASSETCATALOG_COMPILER_GLOBAL_ACCENT_COLOR_NAME = AccentColor;
				CODE_SIGN_STYLE = Automatic;
				CURRENT_PROJECT_VERSION = 1;
				GENERATE_INFOPLIST_FILE = YES;
				INFOPLIST_FILE = "SCG-phlong/Info.plist";
				INFOPLIST_KEY_UIApplicationSupportsIndirectInputEvents = YES;
				INFOPLIST_KEY_UILaunchStoryboardName = LaunchScreen;
				INFOPLIST_KEY_UIMainStoryboardFile = "";
				INFOPLIST_KEY_UISupportedInterfaceOrientations_iPad = "UIInterfaceOrientationPortrait UIInterfaceOrientationPortraitUpsideDown UIInterfaceOrientationLandscapeLeft UIInterfaceOrientationLandscapeRight";
				INFOPLIST_KEY_UISupportedInterfaceOrientations_iPhone = "UIInterfaceOrientationPortrait UIInterfaceOrientationLandscapeLeft UIInterfaceOrientationLandscapeRight";
				LD_RUNPATH_SEARCH_PATHS = (
					"$(inherited)",
					"@executable_path/Frameworks",
				);
				MARKETING_VERSION = 1.0;
				PRODUCT_BUNDLE_IDENTIFIER = "com.longph.SCG-phlong";
				PRODUCT_NAME = "$(TARGET_NAME)";
				SWIFT_EMIT_LOC_STRINGS = YES;
				SWIFT_VERSION = 5.0;
				TARGETED_DEVICE_FAMILY = "1,2";
			};
			name = Debug;
		};
		4BFFE39928A62CF800C23D90 /* Release */ = {
			isa = XCBuildConfiguration;
			buildSettings = {
				ASSETCATALOG_COMPILER_APPICON_NAME = AppIcon;
				ASSETCATALOG_COMPILER_GLOBAL_ACCENT_COLOR_NAME = AccentColor;
				CODE_SIGN_STYLE = Automatic;
				CURRENT_PROJECT_VERSION = 1;
				GENERATE_INFOPLIST_FILE = YES;
				INFOPLIST_FILE = "SCG-phlong/Info.plist";
				INFOPLIST_KEY_UIApplicationSupportsIndirectInputEvents = YES;
				INFOPLIST_KEY_UILaunchStoryboardName = LaunchScreen;
				INFOPLIST_KEY_UIMainStoryboardFile = "";
				INFOPLIST_KEY_UISupportedInterfaceOrientations_iPad = "UIInterfaceOrientationPortrait UIInterfaceOrientationPortraitUpsideDown UIInterfaceOrientationLandscapeLeft UIInterfaceOrientationLandscapeRight";
				INFOPLIST_KEY_UISupportedInterfaceOrientations_iPhone = "UIInterfaceOrientationPortrait UIInterfaceOrientationLandscapeLeft UIInterfaceOrientationLandscapeRight";
				LD_RUNPATH_SEARCH_PATHS = (
					"$(inherited)",
					"@executable_path/Frameworks",
				);
				MARKETING_VERSION = 1.0;
				PRODUCT_BUNDLE_IDENTIFIER = "com.longph.SCG-phlong";
				PRODUCT_NAME = "$(TARGET_NAME)";
				SWIFT_EMIT_LOC_STRINGS = YES;
				SWIFT_VERSION = 5.0;
				TARGETED_DEVICE_FAMILY = "1,2";
			};
			name = Release;
		};
/* End XCBuildConfiguration section */

/* Begin XCConfigurationList section */
		4BFFE37E28A62CF700C23D90 /* Build configuration list for PBXProject "SCG-phlong" */ = {
			isa = XCConfigurationList;
			buildConfigurations = (
				4BFFE39528A62CF800C23D90 /* Debug */,
				4BFFE39628A62CF800C23D90 /* Release */,
			);
			defaultConfigurationIsVisible = 0;
			defaultConfigurationName = Release;
		};
		4BFFE39728A62CF800C23D90 /* Build configuration list for PBXNativeTarget "SCG-phlong" */ = {
			isa = XCConfigurationList;
			buildConfigurations = (
				4BFFE39828A62CF800C23D90 /* Debug */,
				4BFFE39928A62CF800C23D90 /* Release */,
			);
			defaultConfigurationIsVisible = 0;
			defaultConfigurationName = Release;
		};
/* End XCConfigurationList section */

/* Begin XCRemoteSwiftPackageReference section */
		4BFFE3B828A6345D00C23D90 /* XCRemoteSwiftPackageReference "RxSwift" */ = {
			isa = XCRemoteSwiftPackageReference;
			repositoryURL = "https://github.com/ReactiveX/RxSwift.git";
			requirement = {
				branch = main;
				kind = branch;
			};
		};
/* End XCRemoteSwiftPackageReference section */

/* Begin XCSwiftPackageProductDependency section */
		4BFFE3B928A6345D00C23D90 /* RxCocoa */ = {
			isa = XCSwiftPackageProductDependency;
			package = 4BFFE3B828A6345D00C23D90 /* XCRemoteSwiftPackageReference "RxSwift" */;
			productName = RxCocoa;
		};
		4BFFE3BB28A6345D00C23D90 /* RxSwift */ = {
			isa = XCSwiftPackageProductDependency;
			package = 4BFFE3B828A6345D00C23D90 /* XCRemoteSwiftPackageReference "RxSwift" */;
			productName = RxSwift;
		};
/* End XCSwiftPackageProductDependency section */
	};
	rootObject = 4BFFE37B28A62CF700C23D90 /* Project object */;
}
